
Microsoft Visual Studio Solution File, Format Version 12.00
# Visual Studio Version 16
VisualStudioVersion = 16.0.30011.22
MinimumVisualStudioVersion = 10.0.40219.1
Project("{FAE04EC0-301F-11D3-BF4B-00C04F79EFBC}") = "OverTime", "OverTime.csproj", "{761A5F09-4295-493A-AE38-BA6E28A4D715}"
EndProject
Global
	GlobalSection(SolutionConfigurationPlatforms) = preSolution
		Debug|Any CPU = Debug|Any CPU
		Release|Any CPU = Release|Any CPU
	EndGlobalSection
	GlobalSection(ProjectConfigurationPlatforms) = postSolution
		{761A5F09-4295-493A-AE38-BA6E28A4D715}.Debug|Any CPU.ActiveCfg = Debug|Any CPU
		{761A5F09-4295-493A-AE38-BA6E28A4D715}.Debug|Any CPU.Build.0 = Debug|Any CPU
		{761A5F09-4295-493A-AE38-BA6E28A4D715}.Release|Any CPU.ActiveCfg = Release|Any CPU
		{761A5F09-4295-493A-AE38-BA6E28A4D715}.Release|Any CPU.Build.0 = Release|Any CPU
	EndGlobalSection
	GlobalSection(SolutionProperties) = preSolution
		HideSolutionNode = FALSE
	EndGlobalSection
	GlobalSection(ExtensibilityGlobals) = postSolution
		SolutionGuid = {4FA02F99-CCD0-48CC-9B10-1E5D910EE859}
	EndGlobalSection
EndGlobal
