
Microsoft Visual Studio Solution File, Format Version 12.00
# Visual Studio Version 16
VisualStudioVersion = 16.0.29230.47
MinimumVisualStudioVersion = 10.0.40219.1
Project("{00D1A9C2-B5F0-4AF3-8072-F6C62B433612}") = "OvertimeDatabase", "OvertimeDatabase\OvertimeDatabase.sqlproj", "{CAEBC3A1-2B21-44C0-B9CD-4A921D525B00}"
EndProject
Global
	GlobalSection(SolutionConfigurationPlatforms) = preSolution
		Debug|Any CPU = Debug|Any CPU
		Release|Any CPU = Release|Any CPU
	EndGlobalSection
	GlobalSection(ProjectConfigurationPlatforms) = postSolution
		{CAEBC3A1-2B21-44C0-B9CD-4A921D525B00}.Debug|Any CPU.ActiveCfg = Debug|Any CPU
		{CAEBC3A1-2B21-44C0-B9CD-4A921D525B00}.Debug|Any CPU.Build.0 = Debug|Any CPU
		{CAEBC3A1-2B21-44C0-B9CD-4A921D525B00}.Debug|Any CPU.Deploy.0 = Debug|Any CPU
		{CAEBC3A1-2B21-44C0-B9CD-4A921D525B00}.Release|Any CPU.ActiveCfg = Release|Any CPU
		{CAEBC3A1-2B21-44C0-B9CD-4A921D525B00}.Release|Any CPU.Build.0 = Release|Any CPU
		{CAEBC3A1-2B21-44C0-B9CD-4A921D525B00}.Release|Any CPU.Deploy.0 = Release|Any CPU
	EndGlobalSection
	GlobalSection(SolutionProperties) = preSolution
		HideSolutionNode = FALSE
	EndGlobalSection
	GlobalSection(ExtensibilityGlobals) = postSolution
		SolutionGuid = {75E6DCCB-03A1-44CE-9224-94CC786E62EC}
	EndGlobalSection
EndGlobal
